Microsoft Visual Studio Solution File, Format Version 11.00
# Visual Studio 2008

Project("{4BEC5F3B-1998-D1D5-8656-216BF62E6018}") = "PINBALL", "Assembly-CSharp.csproj", "{A9FA8121-579B-3AC4-6585-9A43D304AD32}"
EndProject
Global
	GlobalSection(SolutionConfigurationPlatforms) = preSolution
		Debug|Any CPU = Debug|Any CPU
		Release|Any CPU = Release|Any CPU
	EndGlobalSection
	GlobalSection(ProjectConfigurationPlatforms) = postSolution
		{A9FA8121-579B-3AC4-6585-9A43D304AD32}.Debug|Any CPU.ActiveCfg = Debug|Any CPU
		{A9FA8121-579B-3AC4-6585-9A43D304AD32}.Debug|Any CPU.Build.0 = Debug|Any CPU
		{A9FA8121-579B-3AC4-6585-9A43D304AD32}.Release|Any CPU.ActiveCfg = Release|Any CPU
		{A9FA8121-579B-3AC4-6585-9A43D304AD32}.Release|Any CPU.Build.0 = Release|Any CPU
	EndGlobalSection
	GlobalSection(SolutionProperties) = preSolution
		HideSolutionNode = FALSE
	EndGlobalSection
	GlobalSection(MonoDevelopProperties) = preSolution
		StartupItem = Assembly-CSharp.csproj
	EndGlobalSection
EndGlobal
